
Microsoft Visual Studio Solution File, Format Version 12.00
# Visual Studio Version 18
VisualStudioVersion = 18.6.11828.311 oobstable
MinimumVisualStudioVersion = 10.0.40219.1
Project("{FAE04EC0-301F-11D3-BF4B-00C04F79EFBC}") = "TillApp", "TillApp.csproj", "{AA3C5C3B-7229-4566-AB36-2A4904F64A1A}"
EndProject
Global
	GlobalSection(SolutionConfigurationPlatforms) = preSolution
		Debug|Any CPU = Debug|Any CPU
		Release|Any CPU = Release|Any CPU
	EndGlobalSection
	GlobalSection(ProjectConfigurationPlatforms) = postSolution
		{AA3C5C3B-7229-4566-AB36-2A4904F64A1A}.Debug|Any CPU.ActiveCfg = Debug|Any CPU
		{AA3C5C3B-7229-4566-AB36-2A4904F64A1A}.Debug|Any CPU.Build.0 = Debug|Any CPU
		{AA3C5C3B-7229-4566-AB36-2A4904F64A1A}.Release|Any CPU.ActiveCfg = Release|Any CPU
		{AA3C5C3B-7229-4566-AB36-2A4904F64A1A}.Release|Any CPU.Build.0 = Release|Any CPU
	EndGlobalSection
	GlobalSection(SolutionProperties) = preSolution
		HideSolutionNode = FALSE
	EndGlobalSection
	GlobalSection(ExtensibilityGlobals) = postSolution
		SolutionGuid = {795E6660-EB0B-41BC-9643-0C0761821960}
	EndGlobalSection
EndGlobal
